Microsoft Visual Studio Solution File, Format Version 12.00
# Visual Studio Version 17
VisualStudioVersion = 17.5.2.0
MinimumVisualStudioVersion = 10.0.40219.1
Project("{FAE04EC0-301F-11D3-BF4B-00C04F79EFBC}") = "tl2-tp4-2025-GastonGutierrezLlomplat", "tl2-tp4-2025-GastonGutierrezLlomplat.csproj", "{08D718BE-00D7-4559-1939-113100E186C3}"
EndProject
Global
	GlobalSection(SolutionConfigurationPlatforms) = preSolution
		Debug|Any CPU = Debug|Any CPU
		Release|Any CPU = Release|Any CPU
	EndGlobalSection
	GlobalSection(ProjectConfigurationPlatforms) = postSolution
		{08D718BE-00D7-4559-1939-113100E186C3}.Debug|Any CPU.ActiveCfg = Debug|Any CPU
		{08D718BE-00D7-4559-1939-113100E186C3}.Debug|Any CPU.Build.0 = Debug|Any CPU
		{08D718BE-00D7-4559-1939-113100E186C3}.Release|Any CPU.ActiveCfg = Release|Any CPU
		{08D718BE-00D7-4559-1939-113100E186C3}.Release|Any CPU.Build.0 = Release|Any CPU
	EndGlobalSection
	GlobalSection(SolutionProperties) = preSolution
		HideSolutionNode = FALSE
	EndGlobalSection
	GlobalSection(ExtensibilityGlobals) = postSolution
		SolutionGuid = {7FD746DC-B595-4C8F-A068-6CABDFE8C7DF}
	EndGlobalSection
EndGlobal
